lockfileVersion: '9.0'

settings:
  autoInstallPeers: true
  excludeLinksFromLockfile: false

importers:

  .:
    devDependencies:
      '@solidjs/testing-library':
        specifier: ^0.8.10
        version: 0.8.10(solid-js@1.9.11)
      '@types/node':
        specifier: 22.13.9
        version: 22.13.9
      happy-dom:
        specifier: ^20.3.7
        version: 20.3.7
      prettier:
        specifier: 3.6.2
        version: 3.6.2
      turbo:
        specifier: 2.5.6
        version: 2.5.6
      typescript:
        specifier: 5.8.2
        version: 5.8.2

packages:

  '@babel/code-frame@7.28.6':
    resolution: {integrity: sha512-JYgintcMjRiCvS8mMECzaEn+m3PfoQiyqukOMCCVQtoJGYJw8j/8LBJEiqkHLkfwCcs74E3pbAUFNg7d9VNJ+Q==}
    engines: {node: '>=6.9.0'}

  '@babel/helper-validator-identifier@7.28.5':
    resolution: {integrity: sha512-qSs4ifwzKJSV39ucNjsvc6WVHs6b7S03sOh2OcHF9UHfVPqWWALUsNUVzhSBiItjRZoLHx7nIarVjqKVusUZ1Q==}
    engines: {node: '>=6.9.0'}

  '@babel/runtime@7.28.6':
    resolution: {integrity: sha512-05WQkdpL9COIMz4LjTxGpPNCdlpyimKppYNoJ5Di5EUObifl8t4tuLuUBBZEpoLYOmfvIWrsp9fCl0HoPRVTdA==}
    engines: {node: '>=6.9.0'}

  '@solidjs/testing-library@0.8.10':
    resolution: {integrity: sha512-qdeuIerwyq7oQTIrrKvV0aL9aFeuwTd86VYD3afdq5HYEwoox1OBTJy4y8A3TFZr8oAR0nujYgCzY/8wgHGfeQ==}
    engines: {node: '>= 14'}
    peerDependencies:
      '@solidjs/router': '>=0.9.0'
      solid-js: '>=1.0.0'
    peerDependenciesMeta:
      '@solidjs/router':
        optional: true

  '@testing-library/dom@10.4.1':
    resolution: {integrity: sha512-o4PXJQidqJl82ckFaXUeoAW+XysPLauYI43Abki5hABd853iMhitooc6znOnczgbTYmEP6U6/y1ZyKAIsvMKGg==}
    engines: {node: '>=18'}

  '@types/aria-query@5.0.4':
    resolution: {integrity: sha512-rfT93uj5s0PRL7EzccGMs3brplhcrghnDoV26NqKhCAS1hVo+WdNsPvE/yb6ilfr5hi2MEk6d5EWJTKdxg8jVw==}

  '@types/node@22.13.9':
    resolution: {integrity: sha512-acBjXdRJ3A6Pb3tqnw9HZmyR3Fiol3aGxRCK1x3d+6CDAMjl7I649wpSd+yNURCjbOUGu9tqtLKnTGxmK6CyGw==}

  '@types/whatwg-mimetype@3.0.2':
    resolution: {integrity: sha512-c2AKvDT8ToxLIOUlN51gTiHXflsfIFisS4pO7pDPoKouJCESkhZnEy623gwP9laCy5lnLDAw1vAzu2vM2YLOrA==}

  '@types/ws@8.18.1':
    resolution: {integrity: sha512-ThVF6DCVhA8kUGy+aazFQ4kXQ7E1Ty7A3ypFOe0IcJV8O/M511G99AW24irKrW56Wt44yG9+ij8FaqoBGkuBXg==}

  ansi-regex@5.0.1:
    resolution: {integrity: sha512-quJQXlTSUGL2LH9SUXo8VwsY4soanhgo6LNSm84E1LBcE8s3O0wpdiRzyR9z/ZZJMlMWv37qOOb9pdJlMUEKFQ==}
    engines: {node: '>=8'}

  ansi-styles@5.2.0:
    resolution: {integrity: sha512-Cxwpt2SfTzTtXcfOlzGEee8O+c+MmUgGrNiBcXnuWxuFJHe6a5Hz7qwhwe5OgaSYI0IJvkLqWX1ASG+cJOkEiA==}
    engines: {node: '>=10'}

  aria-query@5.3.0:
    resolution: {integrity: sha512-b0P0sZPKtyu8HkeRAfCq0IfURZK+SuwMjY1UXGBU27wpAiTwQAIlq56IbIO+ytk/JjS1fMR14ee5WBBfKi5J6A==}

  csstype@3.2.3:
    resolution: {integrity: sha512-z1HGKcYy2xA8AGQfwrn0PAy+PB7X/GSj3UVJW9qKyn43xWa+gl5nXmU4qqLMRzWVLFC8KusUX8T/0kCiOYpAIQ==}

  dequal@2.0.3:
    resolution: {integrity: sha512-0je+qPKHEMohvfRTCEo3CrPG6cAzAYgmzKyxRiYSSDkS6eGJdyVJm7WaYA5ECaAD9wLB2T4EEeymA5aFVcYXCA==}
    engines: {node: '>=6'}

  dom-accessibility-api@0.5.16:
    resolution: {integrity: sha512-X7BJ2yElsnOJ30pZF4uIIDfBEVgF4XEBxL9Bxhy6dnrm5hkzqmsWHGTiHqRiITNhMyFLyAiWndIJP7Z1NTteDg==}

  entities@4.5.0:
    resolution: {integrity: sha512-V0hjH4dGPh9Ao5p0MoRY6BVqtwCjhz6vI5LT8AJ55H+4g9/4vbHx1I54fS0XuclLhDHArPQCiMjDxjaL8fPxhw==}
    engines: {node: '>=0.12'}

  happy-dom@20.3.7:
    resolution: {integrity: sha512-sb5IzoRl1WJKsUSRe+IloJf3z1iDq5PQ7Yk/ULMsZ5IAQEs9ZL7RsFfiKBXU7nK9QmO+iz0e59EH8r8jexTZ/g==}
    engines: {node: '>=20.0.0'}

  js-tokens@4.0.0:
    resolution: {integrity: sha512-RdJUflcE3cUzKiMqQgsCu06FPu9UdIJO0beYbPhHN4k6apgJtifcoCtT9bcxOpYBtpD2kCM6Sbzg4CausW/PKQ==}

  lz-string@1.5.0:
    resolution: {integrity: sha512-h5bgJWpxJNswbU7qCrV0tIKQCaS3blPDrqKWx+QxzuzL1zGUzij9XCWLrSLsJPu5t+eWA/ycetzYAO5IOMcWAQ==}
    hasBin: true

  picocolors@1.1.1:
    resolution: {integrity: sha512-xceH2snhtb5M9liqDsmEw56le376mTZkEX/jEb/RxNFyegNul7eNslCXP9FDj/Lcu0X8KEyMceP2ntpaHrDEVA==}

  prettier@3.6.2:
    resolution: {integrity: sha512-I7AIg5boAr5R0FFtJ6rCfD+LFsWHp81dolrFD8S79U9tb8Az2nGrJncnMSnys+bpQJfRUzqs9hnA81OAA3hCuQ==}
    engines: {node: '>=14'}
    hasBin: true

  pretty-format@27.5.1:
    resolution: {integrity: sha512-Qb1gy5OrP5+zDf2Bvnzdl3jsTf1qXVMazbvCoKhtKqVs4/YK4ozX4gKQJJVyNe+cajNPn0KoC0MC3FUmaHWEmQ==}
    engines: {node: ^10.13.0 || ^12.13.0 || ^14.15.0 || >=15.0.0}

  react-is@17.0.2:
    resolution: {integrity: sha512-w2GsyukL62IJnlaff/nRegPQR94C/XXamvMWmSHRJ4y7Ts/4ocGRmTHvOs8PSE6pB3dWOrD/nueuU5sduBsQ4w==}

  seroval-plugins@1.5.0:
    resolution: {integrity: sha512-EAHqADIQondwRZIdeW2I636zgsODzoBDwb3PT/+7TLDWyw1Dy/Xv7iGUIEXXav7usHDE9HVhOU61irI3EnyyHA==}
    engines: {node: '>=10'}
    peerDependencies:
      seroval: ^1.0

  seroval@1.5.0:
    resolution: {integrity: sha512-OE4cvmJ1uSPrKorFIH9/w/Qwuvi/IMcGbv5RKgcJ/zjA/IohDLU6SVaxFN9FwajbP7nsX0dQqMDes1whk3y+yw==}
    engines: {node: '>=10'}

  solid-js@1.9.11:
    resolution: {integrity: sha512-WEJtcc5mkh/BnHA6Yrg4whlF8g6QwpmXXRg4P2ztPmcKeHHlH4+djYecBLhSpecZY2RRECXYUwIc/C2r3yzQ4Q==}

  turbo-darwin-64@2.5.6:
    resolution: {integrity: sha512-3C1xEdo4aFwMJAPvtlPqz1Sw/+cddWIOmsalHFMrsqqydcptwBfu26WW2cDm3u93bUzMbBJ8k3zNKFqxJ9ei2A==}
    cpu: [x64]
    os: [darwin]

  turbo-darwin-arm64@2.5.6:
    resolution: {integrity: sha512-LyiG+rD7JhMfYwLqB6k3LZQtYn8CQQUePbpA8mF/hMLPAekXdJo1g0bUPw8RZLwQXUIU/3BU7tXENvhSGz5DPA==}
    cpu: [arm64]
    os: [darwin]

  turbo-linux-64@2.5.6:
    resolution: {integrity: sha512-GOcUTT0xiT/pSnHL4YD6Yr3HreUhU8pUcGqcI2ksIF9b2/r/kRHwGFcsHgpG3+vtZF/kwsP0MV8FTlTObxsYIA==}
    cpu: [x64]
    os: [linux]

  turbo-linux-arm64@2.5.6:
    resolution: {integrity: sha512-10Tm15bruJEA3m0V7iZcnQBpObGBcOgUcO+sY7/2vk1bweW34LMhkWi8svjV9iDF68+KJDThnYDlYE/bc7/zzQ==}
    cpu: [arm64]
    os: [linux]

  turbo-windows-64@2.5.6:
    resolution: {integrity: sha512-FyRsVpgaj76It0ludwZsNN40ytHN+17E4PFJyeliBEbxrGTc5BexlXVpufB7XlAaoaZVxbS6KT8RofLfDRyEPg==}
    cpu: [x64]
    os: [win32]

  turbo-windows-arm64@2.5.6:
    resolution: {integrity: sha512-j/tWu8cMeQ7HPpKri6jvKtyXg9K1gRyhdK4tKrrchH8GNHscPX/F71zax58yYtLRWTiK04zNzPcUJuoS0+v/+Q==}
    cpu: [arm64]
    os: [win32]

  turbo@2.5.6:
    resolution: {integrity: sha512-gxToHmi9oTBNB05UjUsrWf0OyN5ZXtD0apOarC1KIx232Vp3WimRNy3810QzeNSgyD5rsaIDXlxlbnOzlouo+w==}
    hasBin: true

  typescript@5.8.2:
    resolution: {integrity: sha512-aJn6wq13/afZp/jT9QZmwEjDqqvSGp1VT5GVg+f/t6/oVyrgXM6BY1h9BRh/O5p3PlUPAe+WuiEZOmb/49RqoQ==}
    engines: {node: '>=14.17'}
    hasBin: true

  undici-types@6.20.0:
    resolution: {integrity: sha512-Ny6QZ2Nju20vw1SRHe3d9jVu6gJ+4e3+MMpqu7pqE5HT6WsTSlce++GQmK5UXS8mzV8DSYHrQH+Xrf2jVcuKNg==}

  whatwg-mimetype@3.0.0:
    resolution: {integrity: sha512-nt+N2dzIutVRxARx1nghPKGv1xHikU7HKdfafKkLNLindmPU/ch3U31NOCGGA/dmPcmb1VlofO0vnKAcsm0o/Q==}
    engines: {node: '>=12'}

  ws@8.19.0:
    resolution: {integrity: sha512-blAT2mjOEIi0ZzruJfIhb3nps74PRWTCz1IjglWEEpQl5XS/UNama6u2/rjFkDDouqr4L67ry+1aGIALViWjDg==}
    engines: {node: '>=10.0.0'}
    peerDependencies:
      bufferutil: ^4.0.1
      utf-8-validate: '>=5.0.2'
    peerDependenciesMeta:
      bufferutil:
        optional: true
      utf-8-validate:
        optional: true

snapshots:

  '@babel/code-frame@7.28.6':
    dependencies:
      '@babel/helper-validator-identifier': 7.28.5
      js-tokens: 4.0.0
      picocolors: 1.1.1

  '@babel/helper-validator-identifier@7.28.5': {}

  '@babel/runtime@7.28.6': {}

  '@solidjs/testing-library@0.8.10(solid-js@1.9.11)':
    dependencies:
      '@testing-library/dom': 10.4.1
      solid-js: 1.9.11

  '@testing-library/dom@10.4.1':
    dependencies:
      '@babel/code-frame': 7.28.6
      '@babel/runtime': 7.28.6
      '@types/aria-query': 5.0.4
      aria-query: 5.3.0
      dom-accessibility-api: 0.5.16
      lz-string: 1.5.0
      picocolors: 1.1.1
      pretty-format: 27.5.1

  '@types/aria-query@5.0.4': {}

  '@types/node@22.13.9':
    dependencies:
      undici-types: 6.20.0

  '@types/whatwg-mimetype@3.0.2': {}

  '@types/ws@8.18.1':
    dependencies:
      '@types/node': 22.13.9

  ansi-regex@5.0.1: {}

  ansi-styles@5.2.0: {}

  aria-query@5.3.0:
    dependencies:
      dequal: 2.0.3

  csstype@3.2.3: {}

  dequal@2.0.3: {}

  dom-accessibility-api@0.5.16: {}

  entities@4.5.0: {}

  happy-dom@20.3.7:
    dependencies:
      '@types/node': 22.13.9
      '@types/whatwg-mimetype': 3.0.2
      '@types/ws': 8.18.1
      entities: 4.5.0
      whatwg-mimetype: 3.0.0
      ws: 8.19.0
    transitivePeerDependencies:
      - bufferutil
      - utf-8-validate

  js-tokens@4.0.0: {}

  lz-string@1.5.0: {}

  picocolors@1.1.1: {}

  prettier@3.6.2: {}

  pretty-format@27.5.1:
    dependencies:
      ansi-regex: 5.0.1
      ansi-styles: 5.2.0
      react-is: 17.0.2

  react-is@17.0.2: {}

  seroval-plugins@1.5.0(seroval@1.5.0):
    dependencies:
      seroval: 1.5.0

  seroval@1.5.0: {}

  solid-js@1.9.11:
    dependencies:
      csstype: 3.2.3
      seroval: 1.5.0
      seroval-plugins: 1.5.0(seroval@1.5.0)

  turbo-darwin-64@2.5.6:
    optional: true

  turbo-darwin-arm64@2.5.6:
    optional: true

  turbo-linux-64@2.5.6:
    optional: true

  turbo-linux-arm64@2.5.6:
    optional: true

  turbo-windows-64@2.5.6:
    optional: true

  turbo-windows-arm64@2.5.6:
    optional: true

  turbo@2.5.6:
    optionalDependencies:
      turbo-darwin-64: 2.5.6
      turbo-darwin-arm64: 2.5.6
      turbo-linux-64: 2.5.6
      turbo-linux-arm64: 2.5.6
      turbo-windows-64: 2.5.6
      turbo-windows-arm64: 2.5.6

  typescript@5.8.2: {}

  undici-types@6.20.0: {}

  whatwg-mimetype@3.0.0: {}

  ws@8.19.0: {}
